
Microsoft Visual Studio Solution File, Format Version 12.00
# Visual Studio Version 17
VisualStudioVersion = 17.6.33829.357
MinimumVisualStudioVersion = 10.0.40219.1
Project("{FAE04EC0-301F-11D3-BF4B-00C04F79EFBC}") = "GeometryExample", "GeometryExample\GeometryExample.csproj", "{CF23CE55-0914-4DA9-B922-4B9326C555AD}"
EndProject
Global
	GlobalSection(SolutionConfigurationPlatforms) = preSolution
		Debug|Any CPU = Debug|Any CPU
		Release|Any CPU = Release|Any CPU
	EndGlobalSection
	GlobalSection(ProjectConfigurationPlatforms) = postSolution
		{CF23CE55-0914-4DA9-B922-4B9326C555AD}.Debug|Any CPU.ActiveCfg = Debug|Any CPU
		{CF23CE55-0914-4DA9-B922-4B9326C555AD}.Debug|Any CPU.Build.0 = Debug|Any CPU
		{CF23CE55-0914-4DA9-B922-4B9326C555AD}.Release|Any CPU.ActiveCfg = Release|Any CPU
		{CF23CE55-0914-4DA9-B922-4B9326C555AD}.Release|Any CPU.Build.0 = Release|Any CPU
	EndGlobalSection
	GlobalSection(SolutionProperties) = preSolution
		HideSolutionNode = FALSE
	EndGlobalSection
	GlobalSection(ExtensibilityGlobals) = postSolution
		SolutionGuid = {129C1C77-206D-4A6F-8DF4-77C182D24293}
	EndGlobalSection
EndGlobal
